
Microsoft Visual Studio Solution File, Format Version 12.00
# Visual Studio Version 16
VisualStudioVersion = 16.0.29509.3
MinimumVisualStudioVersion = 10.0.40219.1
Project("{FAE04EC0-301F-11D3-BF4B-00C04F79EFBC}") = "PortalRecordsMover", "PortalRecordsMover.csproj", "{D2D429D2-B435-4C14-9D50-1BE87FCF9E2A}"
EndProject
Global
	GlobalSection(SolutionConfigurationPlatforms) = preSolution
		Debug|Any CPU = Debug|Any CPU
		Release|Any CPU = Release|Any CPU
	EndGlobalSection
	GlobalSection(ProjectConfigurationPlatforms) = postSolution
		{D2D429D2-B435-4C14-9D50-1BE87FCF9E2A}.Debug|Any CPU.ActiveCfg = Debug|Any CPU
		{D2D429D2-B435-4C14-9D50-1BE87FCF9E2A}.Debug|Any CPU.Build.0 = Debug|Any CPU
		{D2D429D2-B435-4C14-9D50-1BE87FCF9E2A}.Release|Any CPU.ActiveCfg = Release|Any CPU
		{D2D429D2-B435-4C14-9D50-1BE87FCF9E2A}.Release|Any CPU.Build.0 = Release|Any CPU
		{B530B408-D89B-4715-B6D0-4E013B2ABAB1}.Debug|Any CPU.ActiveCfg = Debug|Any CPU
		{B530B408-D89B-4715-B6D0-4E013B2ABAB1}.Debug|Any CPU.Build.0 = Debug|Any CPU
		{B530B408-D89B-4715-B6D0-4E013B2ABAB1}.Release|Any CPU.ActiveCfg = Release|Any CPU
		{B530B408-D89B-4715-B6D0-4E013B2ABAB1}.Release|Any CPU.Build.0 = Release|Any CPU
	EndGlobalSection
	GlobalSection(SolutionProperties) = preSolution
		HideSolutionNode = FALSE
	EndGlobalSection
	GlobalSection(ExtensibilityGlobals) = postSolution
		SolutionGuid = {71AC9C83-E79F-4BCE-BFF1-64A7D7140126}
	EndGlobalSection
EndGlobal
